
Microsoft Visual Studio Solution File, Format Version 12.00
# Visual Studio Version 16
VisualStudioVersion = 16.0.29418.71
MinimumVisualStudioVersion = 10.0.40219.1
Project("{FAE04EC0-301F-11D3-BF4B-00C04F79EFBC}") = "HelloWorldService", "HelloWorldService\HelloWorldService.csproj", "{3682EB21-800F-42DC-93BA-9853D038158B}"
EndProject
Project("{FAE04EC0-301F-11D3-BF4B-00C04F79EFBC}") = "HelloWorldHost", "HelloWorldHost\HelloWorldHost.csproj", "{FF3B9E57-F70F-48B1-8F55-0CD727E3C549}"
EndProject
Project("{FAE04EC0-301F-11D3-BF4B-00C04F79EFBC}") = "HelloWorldClient", "HelloWorldClient\HelloWorldClient.csproj", "{3BC38E29-81FB-4FF4-B4E1-A16C8343DB33}"
EndProject
Global
	GlobalSection(SolutionConfigurationPlatforms) = preSolution
		Debug|Any CPU = Debug|Any CPU
		Release|Any CPU = Release|Any CPU
	EndGlobalSection
	GlobalSection(ProjectConfigurationPlatforms) = postSolution
		{3682EB21-800F-42DC-93BA-9853D038158B}.Debug|Any CPU.ActiveCfg = Debug|Any CPU
		{3682EB21-800F-42DC-93BA-9853D038158B}.Debug|Any CPU.Build.0 = Debug|Any CPU
		{3682EB21-800F-42DC-93BA-9853D038158B}.Release|Any CPU.ActiveCfg = Release|Any CPU
		{3682EB21-800F-42DC-93BA-9853D038158B}.Release|Any CPU.Build.0 = Release|Any CPU
		{FF3B9E57-F70F-48B1-8F55-0CD727E3C549}.Debug|Any CPU.ActiveCfg = Debug|Any CPU
		{FF3B9E57-F70F-48B1-8F55-0CD727E3C549}.Debug|Any CPU.Build.0 = Debug|Any CPU
		{FF3B9E57-F70F-48B1-8F55-0CD727E3C549}.Release|Any CPU.ActiveCfg = Release|Any CPU
		{FF3B9E57-F70F-48B1-8F55-0CD727E3C549}.Release|Any CPU.Build.0 = Release|Any CPU
		{3BC38E29-81FB-4FF4-B4E1-A16C8343DB33}.Debug|Any CPU.ActiveCfg = Debug|Any CPU
		{3BC38E29-81FB-4FF4-B4E1-A16C8343DB33}.Debug|Any CPU.Build.0 = Debug|Any CPU
		{3BC38E29-81FB-4FF4-B4E1-A16C8343DB33}.Release|Any CPU.ActiveCfg = Release|Any CPU
		{3BC38E29-81FB-4FF4-B4E1-A16C8343DB33}.Release|Any CPU.Build.0 = Release|Any CPU
	EndGlobalSection
	GlobalSection(SolutionProperties) = preSolution
		HideSolutionNode = FALSE
	EndGlobalSection
	GlobalSection(ExtensibilityGlobals) = postSolution
		SolutionGuid = {8D5460AA-0A00-47BE-8524-EFDA0B59E9FC}
	EndGlobalSection
EndGlobal
